
Microsoft Visual Studio Solution File, Format Version 12.00
# Visual Studio 15
VisualStudioVersion = 15.0.28010.2046
MinimumVisualStudioVersion = 10.0.40219.1
Project("{FAE04EC0-301F-11D3-BF4B-00C04F79EFBC}") = "MyCalculator", "MyCalculator\MyCalculator.csproj", "{7FF8A8E4-F52A-49C0-99C7-9713CB1E1323}"
EndProject
Project("{FAE04EC0-301F-11D3-BF4B-00C04F79EFBC}") = "dll", "dll\dll.csproj", "{8DF5AFE5-6829-4E7D-9D00-C3BDF7797899}"
EndProject
Global
	GlobalSection(SolutionConfigurationPlatforms) = preSolution
		Debug|Any CPU = Debug|Any CPU
		Release|Any CPU = Release|Any CPU
	EndGlobalSection
	GlobalSection(ProjectConfigurationPlatforms) = postSolution
		{7FF8A8E4-F52A-49C0-99C7-9713CB1E1323}.Debug|Any CPU.ActiveCfg = Debug|Any CPU
		{7FF8A8E4-F52A-49C0-99C7-9713CB1E1323}.Debug|Any CPU.Build.0 = Debug|Any CPU
		{7FF8A8E4-F52A-49C0-99C7-9713CB1E1323}.Release|Any CPU.ActiveCfg = Release|Any CPU
		{7FF8A8E4-F52A-49C0-99C7-9713CB1E1323}.Release|Any CPU.Build.0 = Release|Any CPU
		{8DF5AFE5-6829-4E7D-9D00-C3BDF7797899}.Debug|Any CPU.ActiveCfg = Debug|Any CPU
		{8DF5AFE5-6829-4E7D-9D00-C3BDF7797899}.Debug|Any CPU.Build.0 = Debug|Any CPU
		{8DF5AFE5-6829-4E7D-9D00-C3BDF7797899}.Release|Any CPU.ActiveCfg = Release|Any CPU
		{8DF5AFE5-6829-4E7D-9D00-C3BDF7797899}.Release|Any CPU.Build.0 = Release|Any CPU
	EndGlobalSection
	GlobalSection(SolutionProperties) = preSolution
		HideSolutionNode = FALSE
	EndGlobalSection
	GlobalSection(ExtensibilityGlobals) = postSolution
		SolutionGuid = {F527DCCD-A28B-497F-9BEA-DAF84995D079}
	EndGlobalSection
EndGlobal
